
Microsoft Visual Studio Solution File, Format Version 12.00
# Visual Studio 15
VisualStudioVersion = 15.0.28307.271
MinimumVisualStudioVersion = 10.0.40219.1
Project("{8BC9CEB8-8B4A-11D0-8D11-00A0C91BC942}") = "Test", "Test\Test.vcxproj", "{F0B48DF7-12C2-4898-8639-0A62048DADDE}"
EndProject
Global
	GlobalSection(SolutionConfigurationPlatforms) = preSolution
		Debug|x64 = Debug|x64
		Debug|x86 = Debug|x86
		Release|x64 = Release|x64
		Release|x86 = Release|x86
	EndGlobalSection
	GlobalSection(ProjectConfigurationPlatforms) = postSolution
		{F0B48DF7-12C2-4898-8639-0A62048DADDE}.Debug|x64.ActiveCfg = Debug|x64
		{F0B48DF7-12C2-4898-8639-0A62048DADDE}.Debug|x64.Build.0 = Debug|x64
		{F0B48DF7-12C2-4898-8639-0A62048DADDE}.Debug|x86.ActiveCfg = Debug|Win32
		{F0B48DF7-12C2-4898-8639-0A62048DADDE}.Debug|x86.Build.0 = Debug|Win32
		{F0B48DF7-12C2-4898-8639-0A62048DADDE}.Release|x64.ActiveCfg = Release|x64
		{F0B48DF7-12C2-4898-8639-0A62048DADDE}.Release|x64.Build.0 = Release|x64
		{F0B48DF7-12C2-4898-8639-0A62048DADDE}.Release|x86.ActiveCfg = Release|Win32
		{F0B48DF7-12C2-4898-8639-0A62048DADDE}.Release|x86.Build.0 = Release|Win32
	EndGlobalSection
	GlobalSection(SolutionProperties) = preSolution
		HideSolutionNode = FALSE
	EndGlobalSection
	GlobalSection(ExtensibilityGlobals) = postSolution
		SolutionGuid = {BE63068A-0A90-40A5-A3BA-E13527021C2D}
	EndGlobalSection
EndGlobal
